
Microsoft Visual Studio Solution File, Format Version 12.00
# Visual Studio Version 17
VisualStudioVersion = 17.2.32505.173
MinimumVisualStudioVersion = 10.0.40219.1
Project("{FAE04EC0-301F-11D3-BF4B-00C04F79EFBC}") = "RestSharpExercises", "RestSharpExercises\RestSharpExercises.csproj", "{C7B7B4D7-C094-495E-A6E1-5BD8A3856ABE}"
EndProject
Project("{FAE04EC0-301F-11D3-BF4B-00C04F79EFBC}") = "TestDrivenTesingWithRestSharp", "TestDrivenTesingWithRestSharp\TestDrivenTesingWithRestSharp.csproj", "{957C00AD-C323-427F-AFE3-77199E69DF49}"
EndProject
Global
	GlobalSection(SolutionConfigurationPlatforms) = preSolution
		Debug|Any CPU = Debug|Any CPU
		Release|Any CPU = Release|Any CPU
	EndGlobalSection
	GlobalSection(ProjectConfigurationPlatforms) = postSolution
		{C7B7B4D7-C094-495E-A6E1-5BD8A3856ABE}.Debug|Any CPU.ActiveCfg = Debug|Any CPU
		{C7B7B4D7-C094-495E-A6E1-5BD8A3856ABE}.Debug|Any CPU.Build.0 = Debug|Any CPU
		{C7B7B4D7-C094-495E-A6E1-5BD8A3856ABE}.Release|Any CPU.ActiveCfg = Release|Any CPU
		{C7B7B4D7-C094-495E-A6E1-5BD8A3856ABE}.Release|Any CPU.Build.0 = Release|Any CPU
		{957C00AD-C323-427F-AFE3-77199E69DF49}.Debug|Any CPU.ActiveCfg = Debug|Any CPU
		{957C00AD-C323-427F-AFE3-77199E69DF49}.Debug|Any CPU.Build.0 = Debug|Any CPU
		{957C00AD-C323-427F-AFE3-77199E69DF49}.Release|Any CPU.ActiveCfg = Release|Any CPU
		{957C00AD-C323-427F-AFE3-77199E69DF49}.Release|Any CPU.Build.0 = Release|Any CPU
	EndGlobalSection
	GlobalSection(SolutionProperties) = preSolution
		HideSolutionNode = FALSE
	EndGlobalSection
	GlobalSection(ExtensibilityGlobals) = postSolution
		SolutionGuid = {0BA07CDC-B4FD-478D-823B-6FA7F4D45F14}
	EndGlobalSection
EndGlobal
